github.com/pessman/greetings v0.0.0-20201231004333-26c548caddc0 h1:AiFxNz1gFT3ZQI6j25XDItIavtfg/7e+Gm5SpJUJ5fw=
github.com/pessman/greetings v0.0.0-20201231004333-26c548caddc0/go.mod h1:mdPrHEs2wymGxf9+suiMMZ+GEMowDcxah2vs6qlq+6I=
github.com/pessman/greetings v0.0.1 h1:9Ruq/EiyBJAmhwiaKJneTc86vlap4cZMB8UWWI6qxkw=
github.com/pessman/greetings v0.0.1/go.mod h1:mdPrHEs2wymGxf9+suiMMZ+GEMowDcxah2vs6qlq+6I=
github.com/pessman/greetings v0.0.2 h1:Hllv0jWYmGvAadL2+AXlMA6J01xAj2JaNGxCBIq0CtE=
github.com/pessman/greetings v0.0.2/go.mod h1:mdPrHEs2wymGxf9+suiMMZ+GEMowDcxah2vs6qlq+6I=
github.com/pessman/greetings v0.0.3 h1:Um23wIlJRDX7QPz6zkEw4DR7ggH07EIun3f8icp/AYU=
github.com/pessman/greetings v0.0.3/go.mod h1:mdPrHEs2wymGxf9+suiMMZ+GEMowDcxah2vs6qlq+6I=
golang.org/x/text v0.0.0-20170915032832-14c0d48ead0c h1:qgOY6WgZOaTkIIMiVjBQcw93ERBE4m30iBm00nkL0i8=
golang.org/x/text v0.0.0-20170915032832-14c0d48ead0c/go.mod h1:NqM8EUOU14njkJ3fqMW+pc6Ldnwhi/IjpwHt7yyuwOQ=
rsc.io/quote v1.5.2 h1:w5fcysjrx7yqtD/aO+QwRjYZOKnaM9Uh2b40tElTs3Y=
rsc.io/quote v1.5.2/go.mod h1:LzX7hefJvL54yjefDEDHNONDjII0t9xZLPXsUe+TKr0=
rsc.io/sampler v1.3.0 h1:7uVkIFmeBqHfdjD+gZwtXXI+RODJ2Wc4O7MPEh/QiW4=
rsc.io/sampler v1.3.0/go.mod h1:T1hPZKmBbMNahiBKFy5HrXp6adAjACjK9JXDnKaTXpA=
